
Microsoft Visual Studio Solution File, Format Version 12.00
# Visual Studio Version 16
VisualStudioVersion = 16.0.29020.237
MinimumVisualStudioVersion = 10.0.40219.1
Project("{FAE04EC0-301F-11D3-BF4B-00C04F79EFBC}") = "HeuristicLab.Encodings.QualificationEncoding-3.3", "HeuristicLab.Encodings.QualificationEncoding\3.3\HeuristicLab.Encodings.QualificationEncoding-3.3.csproj", "{A62A1B33-DBA0-46CD-A8DF-05DEF8271EF7}"
EndProject
Global
	GlobalSection(SolutionConfigurationPlatforms) = preSolution
		Debug|Any CPU = Debug|Any CPU
		Release|Any CPU = Release|Any CPU
	EndGlobalSection
	GlobalSection(ProjectConfigurationPlatforms) = postSolution
		{A62A1B33-DBA0-46CD-A8DF-05DEF8271EF7}.Debug|Any CPU.ActiveCfg = Debug|Any CPU
		{A62A1B33-DBA0-46CD-A8DF-05DEF8271EF7}.Debug|Any CPU.Build.0 = Debug|Any CPU
		{A62A1B33-DBA0-46CD-A8DF-05DEF8271EF7}.Release|Any CPU.ActiveCfg = Release|Any CPU
		{A62A1B33-DBA0-46CD-A8DF-05DEF8271EF7}.Release|Any CPU.Build.0 = Release|Any CPU
	EndGlobalSection
	GlobalSection(SolutionProperties) = preSolution
		HideSolutionNode = FALSE
	EndGlobalSection
	GlobalSection(ExtensibilityGlobals) = postSolution
		SolutionGuid = {98897C64-A118-4E06-9D59-1AC88C8D5198}
	EndGlobalSection
EndGlobal
